
Microsoft Visual Studio Solution File, Format Version 12.00
# Visual Studio Version 17
VisualStudioVersion = 17.9.34607.119
MinimumVisualStudioVersion = 10.0.40219.1
Project("{9A19103F-16F7-4668-BE54-9A1E7A4F7556}") = "DACS", "DACS\DACS.csproj", "{30100A1C-608D-4F9D-8075-8A500C5E158D}"
EndProject
Global
	GlobalSection(SolutionConfigurationPlatforms) = preSolution
		Debug|Any CPU = Debug|Any CPU
		Release|Any CPU = Release|Any CPU
	EndGlobalSection
	GlobalSection(ProjectConfigurationPlatforms) = postSolution
		{30100A1C-608D-4F9D-8075-8A500C5E158D}.Debug|Any CPU.ActiveCfg = Debug|Any CPU
		{30100A1C-608D-4F9D-8075-8A500C5E158D}.Debug|Any CPU.Build.0 = Debug|Any CPU
		{30100A1C-608D-4F9D-8075-8A500C5E158D}.Release|Any CPU.ActiveCfg = Release|Any CPU
		{30100A1C-608D-4F9D-8075-8A500C5E158D}.Release|Any CPU.Build.0 = Release|Any CPU
	EndGlobalSection
	GlobalSection(SolutionProperties) = preSolution
		HideSolutionNode = FALSE
	EndGlobalSection
	GlobalSection(ExtensibilityGlobals) = postSolution
		SolutionGuid = {34E6DD5B-17B6-4A9E-AA84-6F32058E38DE}
	EndGlobalSection
EndGlobal
